
Microsoft Visual Studio Solution File, Format Version 12.00
# Visual Studio 15
VisualStudioVersion = 15.0.27130.2003
MinimumVisualStudioVersion = 10.0.40219.1
Project("{FAE04EC0-301F-11D3-BF4B-00C04F79EFBC}") = "SampleApp", "SampleApp\SampleApp.csproj", "{1FB07757-5E4A-4117-A587-00E96A2C7535}"
EndProject
Project("{FAE04EC0-301F-11D3-BF4B-00C04F79EFBC}") = "SampleApp.Tests", "SampleApp.Tests\SampleApp.Tests.csproj", "{9F1D8E55-9141-4F3A-8C1C-7E6D2F100CED}"
EndProject
Project("{FAE04EC0-301F-11D3-BF4B-00C04F79EFBC}") = "Api.Interface", "Api.Interface\Api.Interface.csproj", "{CD4ACCD5-CF16-40CB-8CCA-62B9492CE35E}"
EndProject
Project("{FAE04EC0-301F-11D3-BF4B-00C04F79EFBC}") = "Api.OneSingle", "Api.OneSingle\Api.OneSingle.csproj", "{6FCE5215-385A-429C-8D94-E76DE9DDB5DD}"
EndProject
Project("{FAE04EC0-301F-11D3-BF4B-00C04F79EFBC}") = "Api.Integration", "Api.Integration\Api.Integration.csproj", "{150C6A6F-2C61-4B5B-B3A6-DF2B57AE1FB6}"
EndProject
Project("{FAE04EC0-301F-11D3-BF4B-00C04F79EFBC}") = "Entities", "Entities\Entities.csproj", "{0D498E5E-8CC7-419B-AF82-03692795A8D7}"
EndProject
Global
	GlobalSection(SolutionConfigurationPlatforms) = preSolution
		Debug|Any CPU = Debug|Any CPU
		Release|Any CPU = Release|Any CPU
	EndGlobalSection
	GlobalSection(ProjectConfigurationPlatforms) = postSolution
		{1FB07757-5E4A-4117-A587-00E96A2C7535}.Debug|Any CPU.ActiveCfg = Debug|Any CPU
		{1FB07757-5E4A-4117-A587-00E96A2C7535}.Debug|Any CPU.Build.0 = Debug|Any CPU
		{1FB07757-5E4A-4117-A587-00E96A2C7535}.Release|Any CPU.ActiveCfg = Release|Any CPU
		{1FB07757-5E4A-4117-A587-00E96A2C7535}.Release|Any CPU.Build.0 = Release|Any CPU
		{9F1D8E55-9141-4F3A-8C1C-7E6D2F100CED}.Debug|Any CPU.ActiveCfg = Debug|Any CPU
		{9F1D8E55-9141-4F3A-8C1C-7E6D2F100CED}.Debug|Any CPU.Build.0 = Debug|Any CPU
		{9F1D8E55-9141-4F3A-8C1C-7E6D2F100CED}.Release|Any CPU.ActiveCfg = Release|Any CPU
		{9F1D8E55-9141-4F3A-8C1C-7E6D2F100CED}.Release|Any CPU.Build.0 = Release|Any CPU
		{CD4ACCD5-CF16-40CB-8CCA-62B9492CE35E}.Debug|Any CPU.ActiveCfg = Debug|Any CPU
		{CD4ACCD5-CF16-40CB-8CCA-62B9492CE35E}.Debug|Any CPU.Build.0 = Debug|Any CPU
		{CD4ACCD5-CF16-40CB-8CCA-62B9492CE35E}.Release|Any CPU.ActiveCfg = Release|Any CPU
		{CD4ACCD5-CF16-40CB-8CCA-62B9492CE35E}.Release|Any CPU.Build.0 = Release|Any CPU
		{6FCE5215-385A-429C-8D94-E76DE9DDB5DD}.Debug|Any CPU.ActiveCfg = Debug|Any CPU
		{6FCE5215-385A-429C-8D94-E76DE9DDB5DD}.Debug|Any CPU.Build.0 = Debug|Any CPU
		{6FCE5215-385A-429C-8D94-E76DE9DDB5DD}.Release|Any CPU.ActiveCfg = Release|Any CPU
		{6FCE5215-385A-429C-8D94-E76DE9DDB5DD}.Release|Any CPU.Build.0 = Release|Any CPU
		{150C6A6F-2C61-4B5B-B3A6-DF2B57AE1FB6}.Debug|Any CPU.ActiveCfg = Debug|Any CPU
		{150C6A6F-2C61-4B5B-B3A6-DF2B57AE1FB6}.Debug|Any CPU.Build.0 = Debug|Any CPU
		{150C6A6F-2C61-4B5B-B3A6-DF2B57AE1FB6}.Release|Any CPU.ActiveCfg = Release|Any CPU
		{150C6A6F-2C61-4B5B-B3A6-DF2B57AE1FB6}.Release|Any CPU.Build.0 = Release|Any CPU
		{0D498E5E-8CC7-419B-AF82-03692795A8D7}.Debug|Any CPU.ActiveCfg = Debug|Any CPU
		{0D498E5E-8CC7-419B-AF82-03692795A8D7}.Debug|Any CPU.Build.0 = Debug|Any CPU
		{0D498E5E-8CC7-419B-AF82-03692795A8D7}.Release|Any CPU.ActiveCfg = Release|Any CPU
		{0D498E5E-8CC7-419B-AF82-03692795A8D7}.Release|Any CPU.Build.0 = Release|Any CPU
	EndGlobalSection
	GlobalSection(SolutionProperties) = preSolution
		HideSolutionNode = FALSE
	EndGlobalSection
	GlobalSection(ExtensibilityGlobals) = postSolution
		SolutionGuid = {0DBC4B30-A880-4566-A9AF-5753D370C972}
	EndGlobalSection
EndGlobal
